
Microsoft Visual Studio Solution File, Format Version 12.00
# Visual Studio Version 16
VisualStudioVersion = 16.0.31624.102
MinimumVisualStudioVersion = 10.0.40219.1
Project("{FAE04EC0-301F-11D3-BF4B-00C04F79EFBC}") = "HellperAutoSchool", "HellperAutoSchool\HellperAutoSchool.csproj", "{0CE60FB2-9DD7-4C0C-A357-405FB297CC81}"
EndProject
Global
	GlobalSection(SolutionConfigurationPlatforms) = preSolution
		Debug|Any CPU = Debug|Any CPU
		Release|Any CPU = Release|Any CPU
	EndGlobalSection
	GlobalSection(ProjectConfigurationPlatforms) = postSolution
		{0CE60FB2-9DD7-4C0C-A357-405FB297CC81}.Debug|Any CPU.ActiveCfg = Debug|Any CPU
		{0CE60FB2-9DD7-4C0C-A357-405FB297CC81}.Debug|Any CPU.Build.0 = Debug|Any CPU
		{0CE60FB2-9DD7-4C0C-A357-405FB297CC81}.Release|Any CPU.ActiveCfg = Release|Any CPU
		{0CE60FB2-9DD7-4C0C-A357-405FB297CC81}.Release|Any CPU.Build.0 = Release|Any CPU
	EndGlobalSection
	GlobalSection(SolutionProperties) = preSolution
		HideSolutionNode = FALSE
	EndGlobalSection
	GlobalSection(ExtensibilityGlobals) = postSolution
		SolutionGuid = {FD0D2546-085B-47C0-A5D4-4206EF9C6603}
	EndGlobalSection
EndGlobal
